{
  "name": "test_algo",
  "lockfileVersion": 3,
  "requires": true,
  "packages": {
    "": {
      "dependencies": {
        "@mariusrumpf/pid-controller": "^1.0.0"
      },
      "devDependencies": {
        "@types/node": "^18.16.3",
        "typescript": "^5.0.4"
      }
    },
    "node_modules/@mariusrumpf/pid-controller": {
      "version": "1.0.0",
      "resolved": "https://registry.npmjs.org/@mariusrumpf/pid-controller/-/pid-controller-1.0.0.tgz",
      "integrity": "sha512-ORUpuv06BYctr/TQu8xE3Jbfkb09KSwYtg09+vjTH3/owpuJoTs/4Aj+KFIO6Bqxtbzkt02vlUmqG+09KPwByg=="
    },
    "node_modules/@types/node": {
      "version": "18.16.3",
      "resolved": "https://registry.npmjs.org/@types/node/-/node-18.16.3.tgz",
      "integrity": "sha512-OPs5WnnT1xkCBiuQrZA4+YAV4HEJejmHneyraIaxsbev5yCEr6KMwINNFP9wQeFIw8FWcoTqF3vQsa5CDaI+8Q==",
      "dev": true
    },
    "node_modules/typescript": {
      "version": "5.0.4",
      "resolved": "https://registry.npmjs.org/typescript/-/typescript-5.0.4.tgz",
      "integrity": "sha512-cW9T5W9xY37cc+jfEnaUvX91foxtHkza3Nw3wkoF4sSlKn0MONdkdEndig/qPBWXNkmplh3NzayQzCiHM4/hqw==",
      "dev": true,
      "bin": {
        "tsc": "bin/tsc",
        "tsserver": "bin/tsserver"
      },
      "engines": {
        "node": ">=12.20"
      }
    }
  }
}
